
Microsoft Visual Studio Solution File, Format Version 12.00
# Visual Studio Version 17
VisualStudioVersion = 17.5.002.0
MinimumVisualStudioVersion = 10.0.40219.1
Project("{9A19103F-16F7-4668-BE54-9A1E7A4F7556}") = "UltraRGBLighting", "UltraRGBLighting.csproj", "{CAA1AE03-682C-4A02-801A-811C442E542D}"
EndProject
Global
	GlobalSection(SolutionConfigurationPlatforms) = preSolution
		Debug|Any CPU = Debug|Any CPU
		Release|Any CPU = Release|Any CPU
	EndGlobalSection
	GlobalSection(ProjectConfigurationPlatforms) = postSolution
		{CAA1AE03-682C-4A02-801A-811C442E542D}.Debug|Any CPU.ActiveCfg = Debug|Any CPU
		{CAA1AE03-682C-4A02-801A-811C442E542D}.Debug|Any CPU.Build.0 = Debug|Any CPU
		{CAA1AE03-682C-4A02-801A-811C442E542D}.Release|Any CPU.ActiveCfg = Release|Any CPU
		{CAA1AE03-682C-4A02-801A-811C442E542D}.Release|Any CPU.Build.0 = Release|Any CPU
	EndGlobalSection
	GlobalSection(SolutionProperties) = preSolution
		HideSolutionNode = FALSE
	EndGlobalSection
	GlobalSection(ExtensibilityGlobals) = postSolution
		SolutionGuid = {954B9942-3F26-4B5A-9A75-6D440EB2D817}
	EndGlobalSection
EndGlobal
